
Microsoft Visual Studio Solution File, Format Version 11.00
# Visual Studio 2010
Project("{F2A71F9B-5D33-465A-A702-920D77279786}") = "PriceBasket", "PriceBasket\PriceBasket.fsproj", "{2EB14DE5-AF7A-4C5F-9B3F-55647EC3D6DC}"
EndProject
Project("{F2A71F9B-5D33-465A-A702-920D77279786}") = "PriceBasket.UnitTests", "PriceBasket.UnitTests\PriceBasket.UnitTests.fsproj", "{1CF81486-7E81-4CD2-AD44-BB4362910653}"
EndProject
Project("{F2A71F9B-5D33-465A-A702-920D77279786}") = "PriceBasket.AcceptanceTests", "PriceBasket.AcceptanceTests\PriceBasket.AcceptanceTests.fsproj", "{6DA1EBE5-6D4F-400A-8DF9-C7DACB126AEE}"
EndProject
Global
	GlobalSection(SolutionConfigurationPlatforms) = preSolution
		Debug|Any CPU = Debug|Any CPU
		Debug|Mixed Platforms = Debug|Mixed Platforms
		Debug|x86 = Debug|x86
		Release|Any CPU = Release|Any CPU
		Release|Mixed Platforms = Release|Mixed Platforms
		Release|x86 = Release|x86
	EndGlobalSection
	GlobalSection(ProjectConfigurationPlatforms) = postSolution
		{2EB14DE5-AF7A-4C5F-9B3F-55647EC3D6DC}.Debug|Any CPU.ActiveCfg = Debug|x86
		{2EB14DE5-AF7A-4C5F-9B3F-55647EC3D6DC}.Debug|Mixed Platforms.ActiveCfg = Debug|Any CPU
		{2EB14DE5-AF7A-4C5F-9B3F-55647EC3D6DC}.Debug|Mixed Platforms.Build.0 = Debug|Any CPU
		{2EB14DE5-AF7A-4C5F-9B3F-55647EC3D6DC}.Debug|x86.ActiveCfg = Debug|x86
		{2EB14DE5-AF7A-4C5F-9B3F-55647EC3D6DC}.Debug|x86.Build.0 = Debug|x86
		{2EB14DE5-AF7A-4C5F-9B3F-55647EC3D6DC}.Release|Any CPU.ActiveCfg = Release|x86
		{2EB14DE5-AF7A-4C5F-9B3F-55647EC3D6DC}.Release|Mixed Platforms.ActiveCfg = Release|x86
		{2EB14DE5-AF7A-4C5F-9B3F-55647EC3D6DC}.Release|Mixed Platforms.Build.0 = Release|x86
		{2EB14DE5-AF7A-4C5F-9B3F-55647EC3D6DC}.Release|x86.ActiveCfg = Release|x86
		{2EB14DE5-AF7A-4C5F-9B3F-55647EC3D6DC}.Release|x86.Build.0 = Release|x86
		{1CF81486-7E81-4CD2-AD44-BB4362910653}.Debug|Any CPU.ActiveCfg = Debug|Any CPU
		{1CF81486-7E81-4CD2-AD44-BB4362910653}.Debug|Any CPU.Build.0 = Debug|Any CPU
		{1CF81486-7E81-4CD2-AD44-BB4362910653}.Debug|Mixed Platforms.ActiveCfg = Debug|Any CPU
		{1CF81486-7E81-4CD2-AD44-BB4362910653}.Debug|Mixed Platforms.Build.0 = Debug|Any CPU
		{1CF81486-7E81-4CD2-AD44-BB4362910653}.Debug|x86.ActiveCfg = Debug|Any CPU
		{1CF81486-7E81-4CD2-AD44-BB4362910653}.Release|Any CPU.ActiveCfg = Release|Any CPU
		{1CF81486-7E81-4CD2-AD44-BB4362910653}.Release|Any CPU.Build.0 = Release|Any CPU
		{1CF81486-7E81-4CD2-AD44-BB4362910653}.Release|Mixed Platforms.ActiveCfg = Release|Any CPU
		{1CF81486-7E81-4CD2-AD44-BB4362910653}.Release|Mixed Platforms.Build.0 = Release|Any CPU
		{1CF81486-7E81-4CD2-AD44-BB4362910653}.Release|x86.ActiveCfg = Release|Any CPU
		{6DA1EBE5-6D4F-400A-8DF9-C7DACB126AEE}.Debug|Any CPU.ActiveCfg = Debug|Any CPU
		{6DA1EBE5-6D4F-400A-8DF9-C7DACB126AEE}.Debug|Any CPU.Build.0 = Debug|Any CPU
		{6DA1EBE5-6D4F-400A-8DF9-C7DACB126AEE}.Debug|Mixed Platforms.ActiveCfg = Debug|Any CPU
		{6DA1EBE5-6D4F-400A-8DF9-C7DACB126AEE}.Debug|Mixed Platforms.Build.0 = Debug|Any CPU
		{6DA1EBE5-6D4F-400A-8DF9-C7DACB126AEE}.Debug|x86.ActiveCfg = Debug|Any CPU
		{6DA1EBE5-6D4F-400A-8DF9-C7DACB126AEE}.Release|Any CPU.ActiveCfg = Release|Any CPU
		{6DA1EBE5-6D4F-400A-8DF9-C7DACB126AEE}.Release|Any CPU.Build.0 = Release|Any CPU
		{6DA1EBE5-6D4F-400A-8DF9-C7DACB126AEE}.Release|Mixed Platforms.ActiveCfg = Release|Any CPU
		{6DA1EBE5-6D4F-400A-8DF9-C7DACB126AEE}.Release|Mixed Platforms.Build.0 = Release|Any CPU
		{6DA1EBE5-6D4F-400A-8DF9-C7DACB126AEE}.Release|x86.ActiveCfg = Release|Any CPU
	EndGlobalSection
	GlobalSection(SolutionProperties) = preSolution
		HideSolutionNode = FALSE
	EndGlobalSection
EndGlobal
